
Microsoft Visual Studio Solution File, Format Version 12.00
# Visual Studio Version 17
VisualStudioVersion = 17.7.34221.43
MinimumVisualStudioVersion = 10.0.40219.1
Project("{FAE04EC0-301F-11D3-BF4B-00C04F79EFBC}") = "Curso de HTML5 y CSS3", "Curso de HTML5 y CSS3.csproj", "{B590DB9C-9B04-479D-BAF4-606D6A64EE82}"
EndProject
Global
	GlobalSection(SolutionConfigurationPlatforms) = preSolution
		Debug|Any CPU = Debug|Any CPU
		Release|Any CPU = Release|Any CPU
	EndGlobalSection
	GlobalSection(ProjectConfigurationPlatforms) = postSolution
		{B590DB9C-9B04-479D-BAF4-606D6A64EE82}.Debug|Any CPU.ActiveCfg = Debug|Any CPU
		{B590DB9C-9B04-479D-BAF4-606D6A64EE82}.Debug|Any CPU.Build.0 = Debug|Any CPU
		{B590DB9C-9B04-479D-BAF4-606D6A64EE82}.Release|Any CPU.ActiveCfg = Release|Any CPU
		{B590DB9C-9B04-479D-BAF4-606D6A64EE82}.Release|Any CPU.Build.0 = Release|Any CPU
	EndGlobalSection
	GlobalSection(SolutionProperties) = preSolution
		HideSolutionNode = FALSE
	EndGlobalSection
	GlobalSection(ExtensibilityGlobals) = postSolution
		SolutionGuid = {36FE8692-D361-443E-8571-0D9A8FEA29BA}
	EndGlobalSection
EndGlobal
